
Microsoft Visual Studio Solution File, Format Version 12.00
# Visual Studio Version 16
VisualStudioVersion = 16.0.30907.101
MinimumVisualStudioVersion = 15.0.26124.0
Project("{2150E333-8FDC-42A3-9474-1A3956D46DE8}") = "domain", "domain", "{35AA7606-92DC-4412-8B8F-2E099DD647BB}"
EndProject
Project("{FAE04EC0-301F-11D3-BF4B-00C04F79EFBC}") = "Store", "Store\Store.csproj", "{EF890BDB-1B48-4C2E-8B49-F30681788F04}"
EndProject
Project("{2150E333-8FDC-42A3-9474-1A3956D46DE8}") = "infrastructure", "infrastructure", "{BE2E67F7-4E6B-49E1-B358-B7E548FD8A17}"
EndProject
Project("{FAE04EC0-301F-11D3-BF4B-00C04F79EFBC}") = "Store.Memory", "infrastructure\Store.Memory\Store.Memory.csproj", "{5FBEC357-4D19-4671-BBDE-CDAC6A029E52}"
EndProject
Global
	GlobalSection(SolutionConfigurationPlatforms) = preSolution
		Debug|Any CPU = Debug|Any CPU
		Debug|x64 = Debug|x64
		Debug|x86 = Debug|x86
		Release|Any CPU = Release|Any CPU
		Release|x64 = Release|x64
		Release|x86 = Release|x86
	EndGlobalSection
	GlobalSection(ProjectConfigurationPlatforms) = postSolution
		{EF890BDB-1B48-4C2E-8B49-F30681788F04}.Debug|Any CPU.ActiveCfg = Debug|Any CPU
		{EF890BDB-1B48-4C2E-8B49-F30681788F04}.Debug|Any CPU.Build.0 = Debug|Any CPU
		{EF890BDB-1B48-4C2E-8B49-F30681788F04}.Debug|x64.ActiveCfg = Debug|Any CPU
		{EF890BDB-1B48-4C2E-8B49-F30681788F04}.Debug|x64.Build.0 = Debug|Any CPU
		{EF890BDB-1B48-4C2E-8B49-F30681788F04}.Debug|x86.ActiveCfg = Debug|Any CPU
		{EF890BDB-1B48-4C2E-8B49-F30681788F04}.Debug|x86.Build.0 = Debug|Any CPU
		{EF890BDB-1B48-4C2E-8B49-F30681788F04}.Release|Any CPU.ActiveCfg = Release|Any CPU
		{EF890BDB-1B48-4C2E-8B49-F30681788F04}.Release|Any CPU.Build.0 = Release|Any CPU
		{EF890BDB-1B48-4C2E-8B49-F30681788F04}.Release|x64.ActiveCfg = Release|Any CPU
		{EF890BDB-1B48-4C2E-8B49-F30681788F04}.Release|x64.Build.0 = Release|Any CPU
		{EF890BDB-1B48-4C2E-8B49-F30681788F04}.Release|x86.ActiveCfg = Release|Any CPU
		{EF890BDB-1B48-4C2E-8B49-F30681788F04}.Release|x86.Build.0 = Release|Any CPU
		{5FBEC357-4D19-4671-BBDE-CDAC6A029E52}.Debug|Any CPU.ActiveCfg = Debug|Any CPU
		{5FBEC357-4D19-4671-BBDE-CDAC6A029E52}.Debug|Any CPU.Build.0 = Debug|Any CPU
		{5FBEC357-4D19-4671-BBDE-CDAC6A029E52}.Debug|x64.ActiveCfg = Debug|Any CPU
		{5FBEC357-4D19-4671-BBDE-CDAC6A029E52}.Debug|x64.Build.0 = Debug|Any CPU
		{5FBEC357-4D19-4671-BBDE-CDAC6A029E52}.Debug|x86.ActiveCfg = Debug|Any CPU
		{5FBEC357-4D19-4671-BBDE-CDAC6A029E52}.Debug|x86.Build.0 = Debug|Any CPU
		{5FBEC357-4D19-4671-BBDE-CDAC6A029E52}.Release|Any CPU.ActiveCfg = Release|Any CPU
		{5FBEC357-4D19-4671-BBDE-CDAC6A029E52}.Release|Any CPU.Build.0 = Release|Any CPU
		{5FBEC357-4D19-4671-BBDE-CDAC6A029E52}.Release|x64.ActiveCfg = Release|Any CPU
		{5FBEC357-4D19-4671-BBDE-CDAC6A029E52}.Release|x64.Build.0 = Release|Any CPU
		{5FBEC357-4D19-4671-BBDE-CDAC6A029E52}.Release|x86.ActiveCfg = Release|Any CPU
		{5FBEC357-4D19-4671-BBDE-CDAC6A029E52}.Release|x86.Build.0 = Release|Any CPU
	EndGlobalSection
	GlobalSection(SolutionProperties) = preSolution
		HideSolutionNode = FALSE
	EndGlobalSection
	GlobalSection(NestedProjects) = preSolution
		{EF890BDB-1B48-4C2E-8B49-F30681788F04} = {35AA7606-92DC-4412-8B8F-2E099DD647BB}
		{5FBEC357-4D19-4671-BBDE-CDAC6A029E52} = {BE2E67F7-4E6B-49E1-B358-B7E548FD8A17}
	EndGlobalSection
	GlobalSection(ExtensibilityGlobals) = postSolution
		SolutionGuid = {AAD1A9EE-75DF-4645-82A5-3F4D724228C0}
	EndGlobalSection
EndGlobal
