
Microsoft Visual Studio Solution File, Format Version 12.00
# Visual Studio Version 16
VisualStudioVersion = 16.0.30907.101
MinimumVisualStudioVersion = 15.0.26124.0
Project("{2150E333-8FDC-42A3-9474-1A3956D46DE8}") = "domain", "domain", "{35AA7606-92DC-4412-8B8F-2E099DD647BB}"
EndProject
Project("{9A19103F-16F7-4668-BE54-9A1E7A4F7556}") = "Store", "Store\Store.csproj", "{EF890BDB-1B48-4C2E-8B49-F30681788F04}"
EndProject
Project("{2150E333-8FDC-42A3-9474-1A3956D46DE8}") = "infrastructure", "infrastructure", "{BE2E67F7-4E6B-49E1-B358-B7E548FD8A17}"
EndProject
Project("{2150E333-8FDC-42A3-9474-1A3956D46DE8}") = "presentation", "presentation", "{C5416D7F-BA73-4384-944C-056751B85368}"
EndProject
Project("{9A19103F-16F7-4668-BE54-9A1E7A4F7556}") = "Store.Web", "presentation\Store.Web\Store.Web.csproj", "{89E0C76F-E1B9-4354-909E-87DDDF73A947}"
EndProject
Project("{9A19103F-16F7-4668-BE54-9A1E7A4F7556}") = "Store.Tests", "domain\Store.Tests\Store.Tests.csproj", "{C983E556-CCD8-4A37-AFCE-045BA57B5BD5}"
EndProject
Project("{9A19103F-16F7-4668-BE54-9A1E7A4F7556}") = "Store.Web.Contractors", "presentation\Store.Web.Contractors\Store.Web.Contractors.csproj", "{93ADC9F2-F5C2-43E9-9278-CA95C81A6E0B}"
EndProject
Project("{2150E333-8FDC-42A3-9474-1A3956D46DE8}") = "plugins", "plugins", "{3F38CDB2-0C07-479E-8DBE-D70C9123BABC}"
EndProject
Project("{9A19103F-16F7-4668-BE54-9A1E7A4F7556}") = "Store.YandexKassa", "plugins\Store.YandexKassa\Store.YandexKassa.csproj", "{964E4750-3BFE-4A9E-BBF1-6DED1F862C10}"
EndProject
Project("{2150E333-8FDC-42A3-9474-1A3956D46DE8}") = "application", "application", "{9548282C-9B68-4BFE-A1BA-D6105ED695C9}"
EndProject
Project("{9A19103F-16F7-4668-BE54-9A1E7A4F7556}") = "Store.Web.App", "application\Store.Web.App\Store.Web.App.csproj", "{2F9D78AD-FE19-4FC4-87B7-D9BACD0D8F84}"
EndProject
Global
	GlobalSection(SolutionConfigurationPlatforms) = preSolution
		Debug|Any CPU = Debug|Any CPU
		Debug|x64 = Debug|x64
		Debug|x86 = Debug|x86
		Release|Any CPU = Release|Any CPU
		Release|x64 = Release|x64
		Release|x86 = Release|x86
	EndGlobalSection
	GlobalSection(ProjectConfigurationPlatforms) = postSolution
		{EF890BDB-1B48-4C2E-8B49-F30681788F04}.Debug|Any CPU.ActiveCfg = Debug|Any CPU
		{EF890BDB-1B48-4C2E-8B49-F30681788F04}.Debug|Any CPU.Build.0 = Debug|Any CPU
		{EF890BDB-1B48-4C2E-8B49-F30681788F04}.Debug|x64.ActiveCfg = Debug|Any CPU
		{EF890BDB-1B48-4C2E-8B49-F30681788F04}.Debug|x64.Build.0 = Debug|Any CPU
		{EF890BDB-1B48-4C2E-8B49-F30681788F04}.Debug|x86.ActiveCfg = Debug|Any CPU
		{EF890BDB-1B48-4C2E-8B49-F30681788F04}.Debug|x86.Build.0 = Debug|Any CPU
		{EF890BDB-1B48-4C2E-8B49-F30681788F04}.Release|Any CPU.ActiveCfg = Release|Any CPU
		{EF890BDB-1B48-4C2E-8B49-F30681788F04}.Release|Any CPU.Build.0 = Release|Any CPU
		{EF890BDB-1B48-4C2E-8B49-F30681788F04}.Release|x64.ActiveCfg = Release|Any CPU
		{EF890BDB-1B48-4C2E-8B49-F30681788F04}.Release|x64.Build.0 = Release|Any CPU
		{EF890BDB-1B48-4C2E-8B49-F30681788F04}.Release|x86.ActiveCfg = Release|Any CPU
		{EF890BDB-1B48-4C2E-8B49-F30681788F04}.Release|x86.Build.0 = Release|Any CPU
		{89E0C76F-E1B9-4354-909E-87DDDF73A947}.Debug|Any CPU.ActiveCfg = Debug|Any CPU
		{89E0C76F-E1B9-4354-909E-87DDDF73A947}.Debug|Any CPU.Build.0 = Debug|Any CPU
		{89E0C76F-E1B9-4354-909E-87DDDF73A947}.Debug|x64.ActiveCfg = Debug|Any CPU
		{89E0C76F-E1B9-4354-909E-87DDDF73A947}.Debug|x64.Build.0 = Debug|Any CPU
		{89E0C76F-E1B9-4354-909E-87DDDF73A947}.Debug|x86.ActiveCfg = Debug|Any CPU
		{89E0C76F-E1B9-4354-909E-87DDDF73A947}.Debug|x86.Build.0 = Debug|Any CPU
		{89E0C76F-E1B9-4354-909E-87DDDF73A947}.Release|Any CPU.ActiveCfg = Release|Any CPU
		{89E0C76F-E1B9-4354-909E-87DDDF73A947}.Release|Any CPU.Build.0 = Release|Any CPU
		{89E0C76F-E1B9-4354-909E-87DDDF73A947}.Release|x64.ActiveCfg = Release|Any CPU
		{89E0C76F-E1B9-4354-909E-87DDDF73A947}.Release|x64.Build.0 = Release|Any CPU
		{89E0C76F-E1B9-4354-909E-87DDDF73A947}.Release|x86.ActiveCfg = Release|Any CPU
		{89E0C76F-E1B9-4354-909E-87DDDF73A947}.Release|x86.Build.0 = Release|Any CPU
		{C983E556-CCD8-4A37-AFCE-045BA57B5BD5}.Debug|Any CPU.ActiveCfg = Debug|Any CPU
		{C983E556-CCD8-4A37-AFCE-045BA57B5BD5}.Debug|Any CPU.Build.0 = Debug|Any CPU
		{C983E556-CCD8-4A37-AFCE-045BA57B5BD5}.Debug|x64.ActiveCfg = Debug|Any CPU
		{C983E556-CCD8-4A37-AFCE-045BA57B5BD5}.Debug|x64.Build.0 = Debug|Any CPU
		{C983E556-CCD8-4A37-AFCE-045BA57B5BD5}.Debug|x86.ActiveCfg = Debug|Any CPU
		{C983E556-CCD8-4A37-AFCE-045BA57B5BD5}.Debug|x86.Build.0 = Debug|Any CPU
		{C983E556-CCD8-4A37-AFCE-045BA57B5BD5}.Release|Any CPU.ActiveCfg = Release|Any CPU
		{C983E556-CCD8-4A37-AFCE-045BA57B5BD5}.Release|Any CPU.Build.0 = Release|Any CPU
		{C983E556-CCD8-4A37-AFCE-045BA57B5BD5}.Release|x64.ActiveCfg = Release|Any CPU
		{C983E556-CCD8-4A37-AFCE-045BA57B5BD5}.Release|x64.Build.0 = Release|Any CPU
		{C983E556-CCD8-4A37-AFCE-045BA57B5BD5}.Release|x86.ActiveCfg = Release|Any CPU
		{C983E556-CCD8-4A37-AFCE-045BA57B5BD5}.Release|x86.Build.0 = Release|Any CPU
		{93ADC9F2-F5C2-43E9-9278-CA95C81A6E0B}.Debug|Any CPU.ActiveCfg = Debug|Any CPU
		{93ADC9F2-F5C2-43E9-9278-CA95C81A6E0B}.Debug|Any CPU.Build.0 = Debug|Any CPU
		{93ADC9F2-F5C2-43E9-9278-CA95C81A6E0B}.Debug|x64.ActiveCfg = Debug|Any CPU
		{93ADC9F2-F5C2-43E9-9278-CA95C81A6E0B}.Debug|x64.Build.0 = Debug|Any CPU
		{93ADC9F2-F5C2-43E9-9278-CA95C81A6E0B}.Debug|x86.ActiveCfg = Debug|Any CPU
		{93ADC9F2-F5C2-43E9-9278-CA95C81A6E0B}.Debug|x86.Build.0 = Debug|Any CPU
		{93ADC9F2-F5C2-43E9-9278-CA95C81A6E0B}.Release|Any CPU.ActiveCfg = Release|Any CPU
		{93ADC9F2-F5C2-43E9-9278-CA95C81A6E0B}.Release|Any CPU.Build.0 = Release|Any CPU
		{93ADC9F2-F5C2-43E9-9278-CA95C81A6E0B}.Release|x64.ActiveCfg = Release|Any CPU
		{93ADC9F2-F5C2-43E9-9278-CA95C81A6E0B}.Release|x64.Build.0 = Release|Any CPU
		{93ADC9F2-F5C2-43E9-9278-CA95C81A6E0B}.Release|x86.ActiveCfg = Release|Any CPU
		{93ADC9F2-F5C2-43E9-9278-CA95C81A6E0B}.Release|x86.Build.0 = Release|Any CPU
		{964E4750-3BFE-4A9E-BBF1-6DED1F862C10}.Debug|Any CPU.ActiveCfg = Debug|Any CPU
		{964E4750-3BFE-4A9E-BBF1-6DED1F862C10}.Debug|Any CPU.Build.0 = Debug|Any CPU
		{964E4750-3BFE-4A9E-BBF1-6DED1F862C10}.Debug|x64.ActiveCfg = Debug|Any CPU
		{964E4750-3BFE-4A9E-BBF1-6DED1F862C10}.Debug|x64.Build.0 = Debug|Any CPU
		{964E4750-3BFE-4A9E-BBF1-6DED1F862C10}.Debug|x86.ActiveCfg = Debug|Any CPU
		{964E4750-3BFE-4A9E-BBF1-6DED1F862C10}.Debug|x86.Build.0 = Debug|Any CPU
		{964E4750-3BFE-4A9E-BBF1-6DED1F862C10}.Release|Any CPU.ActiveCfg = Release|Any CPU
		{964E4750-3BFE-4A9E-BBF1-6DED1F862C10}.Release|Any CPU.Build.0 = Release|Any CPU
		{964E4750-3BFE-4A9E-BBF1-6DED1F862C10}.Release|x64.ActiveCfg = Release|Any CPU
		{964E4750-3BFE-4A9E-BBF1-6DED1F862C10}.Release|x64.Build.0 = Release|Any CPU
		{964E4750-3BFE-4A9E-BBF1-6DED1F862C10}.Release|x86.ActiveCfg = Release|Any CPU
		{964E4750-3BFE-4A9E-BBF1-6DED1F862C10}.Release|x86.Build.0 = Release|Any CPU
		{2F9D78AD-FE19-4FC4-87B7-D9BACD0D8F84}.Debug|Any CPU.ActiveCfg = Debug|Any CPU
		{2F9D78AD-FE19-4FC4-87B7-D9BACD0D8F84}.Debug|Any CPU.Build.0 = Debug|Any CPU
		{2F9D78AD-FE19-4FC4-87B7-D9BACD0D8F84}.Debug|x64.ActiveCfg = Debug|Any CPU
		{2F9D78AD-FE19-4FC4-87B7-D9BACD0D8F84}.Debug|x64.Build.0 = Debug|Any CPU
		{2F9D78AD-FE19-4FC4-87B7-D9BACD0D8F84}.Debug|x86.ActiveCfg = Debug|Any CPU
		{2F9D78AD-FE19-4FC4-87B7-D9BACD0D8F84}.Debug|x86.Build.0 = Debug|Any CPU
		{2F9D78AD-FE19-4FC4-87B7-D9BACD0D8F84}.Release|Any CPU.ActiveCfg = Release|Any CPU
		{2F9D78AD-FE19-4FC4-87B7-D9BACD0D8F84}.Release|Any CPU.Build.0 = Release|Any CPU
		{2F9D78AD-FE19-4FC4-87B7-D9BACD0D8F84}.Release|x64.ActiveCfg = Release|Any CPU
		{2F9D78AD-FE19-4FC4-87B7-D9BACD0D8F84}.Release|x64.Build.0 = Release|Any CPU
		{2F9D78AD-FE19-4FC4-87B7-D9BACD0D8F84}.Release|x86.ActiveCfg = Release|Any CPU
		{2F9D78AD-FE19-4FC4-87B7-D9BACD0D8F84}.Release|x86.Build.0 = Release|Any CPU
	EndGlobalSection
	GlobalSection(SolutionProperties) = preSolution
		HideSolutionNode = FALSE
	EndGlobalSection
	GlobalSection(NestedProjects) = preSolution
		{EF890BDB-1B48-4C2E-8B49-F30681788F04} = {35AA7606-92DC-4412-8B8F-2E099DD647BB}
		{89E0C76F-E1B9-4354-909E-87DDDF73A947} = {C5416D7F-BA73-4384-944C-056751B85368}
		{C983E556-CCD8-4A37-AFCE-045BA57B5BD5} = {35AA7606-92DC-4412-8B8F-2E099DD647BB}
		{93ADC9F2-F5C2-43E9-9278-CA95C81A6E0B} = {C5416D7F-BA73-4384-944C-056751B85368}
		{964E4750-3BFE-4A9E-BBF1-6DED1F862C10} = {3F38CDB2-0C07-479E-8DBE-D70C9123BABC}
		{2F9D78AD-FE19-4FC4-87B7-D9BACD0D8F84} = {9548282C-9B68-4BFE-A1BA-D6105ED695C9}
	EndGlobalSection
	GlobalSection(ExtensibilityGlobals) = postSolution
		SolutionGuid = {AAD1A9EE-75DF-4645-82A5-3F4D724228C0}
	EndGlobalSection
EndGlobal
